
Microsoft Visual Studio Solution File, Format Version 12.00
# Visual Studio Version 17
VisualStudioVersion = 17.11.35327.3
MinimumVisualStudioVersion = 10.0.40219.1
Project("{FAE04EC0-301F-11D3-BF4B-00C04F79EFBC}") = "ObsMoveFile", "ObsMoveFile\ObsMoveFile.csproj", "{D93E1962-E314-4697-BED6-9BAF219A4546}"
EndProject
Global
	GlobalSection(SolutionConfigurationPlatforms) = preSolution
		Debug|Any CPU = Debug|Any CPU
		Release|Any CPU = Release|Any CPU
	EndGlobalSection
	GlobalSection(ProjectConfigurationPlatforms) = postSolution
		{D93E1962-E314-4697-BED6-9BAF219A4546}.Debug|Any CPU.ActiveCfg = Debug|Any CPU
		{D93E1962-E314-4697-BED6-9BAF219A4546}.Debug|Any CPU.Build.0 = Debug|Any CPU
		{D93E1962-E314-4697-BED6-9BAF219A4546}.Release|Any CPU.ActiveCfg = Release|Any CPU
		{D93E1962-E314-4697-BED6-9BAF219A4546}.Release|Any CPU.Build.0 = Release|Any CPU
	EndGlobalSection
	GlobalSection(SolutionProperties) = preSolution
		HideSolutionNode = FALSE
	EndGlobalSection
	GlobalSection(ExtensibilityGlobals) = postSolution
		SolutionGuid = {B4F8893D-3BB3-456E-983B-8F875ABAA3AA}
	EndGlobalSection
EndGlobal
